
Microsoft Visual Studio Solution File, Format Version 12.00
# Visual Studio Version 17
VisualStudioVersion = 17.8.34408.163
MinimumVisualStudioVersion = 10.0.40219.1
Project("{9A19103F-16F7-4668-BE54-9A1E7A4F7556}") = "FS.Entity", "FSM.Entity\FS.Entity.csproj", "{9C8204A1-8158-4655-971C-E7473CAB79C8}"
EndProject
Project("{9A19103F-16F7-4668-BE54-9A1E7A4F7556}") = "FS.DataAccessLayer", "FS.DataAccessLayer\FS.DataAccessLayer.csproj", "{0434E6DD-F873-4640-8A1B-F9367D9536A2}"
EndProject
Project("{9A19103F-16F7-4668-BE54-9A1E7A4F7556}") = "FS.BusinessLogicLayer", "FS.BusinessLogicLayer\FS.BusinessLogicLayer.csproj", "{21956577-DC65-4686-BC35-86097860087F}"
EndProject
Project("{FAE04EC0-301F-11D3-BF4B-00C04F79EFBC}") = "FS.UI", "FS.UI\FS.UI.csproj", "{61845086-31EE-4E34-91C4-2DF02B7C306B}"
EndProject
Global
	GlobalSection(SolutionConfigurationPlatforms) = preSolution
		Debug|Any CPU = Debug|Any CPU
		Release|Any CPU = Release|Any CPU
	EndGlobalSection
	GlobalSection(ProjectConfigurationPlatforms) = postSolution
		{9C8204A1-8158-4655-971C-E7473CAB79C8}.Debug|Any CPU.ActiveCfg = Debug|Any CPU
		{9C8204A1-8158-4655-971C-E7473CAB79C8}.Debug|Any CPU.Build.0 = Debug|Any CPU
		{9C8204A1-8158-4655-971C-E7473CAB79C8}.Release|Any CPU.ActiveCfg = Release|Any CPU
		{9C8204A1-8158-4655-971C-E7473CAB79C8}.Release|Any CPU.Build.0 = Release|Any CPU
		{0434E6DD-F873-4640-8A1B-F9367D9536A2}.Debug|Any CPU.ActiveCfg = Debug|Any CPU
		{0434E6DD-F873-4640-8A1B-F9367D9536A2}.Debug|Any CPU.Build.0 = Debug|Any CPU
		{0434E6DD-F873-4640-8A1B-F9367D9536A2}.Release|Any CPU.ActiveCfg = Release|Any CPU
		{0434E6DD-F873-4640-8A1B-F9367D9536A2}.Release|Any CPU.Build.0 = Release|Any CPU
		{21956577-DC65-4686-BC35-86097860087F}.Debug|Any CPU.ActiveCfg = Debug|Any CPU
		{21956577-DC65-4686-BC35-86097860087F}.Debug|Any CPU.Build.0 = Debug|Any CPU
		{21956577-DC65-4686-BC35-86097860087F}.Release|Any CPU.ActiveCfg = Release|Any CPU
		{21956577-DC65-4686-BC35-86097860087F}.Release|Any CPU.Build.0 = Release|Any CPU
		{61845086-31EE-4E34-91C4-2DF02B7C306B}.Debug|Any CPU.ActiveCfg = Debug|Any CPU
		{61845086-31EE-4E34-91C4-2DF02B7C306B}.Debug|Any CPU.Build.0 = Debug|Any CPU
		{61845086-31EE-4E34-91C4-2DF02B7C306B}.Release|Any CPU.ActiveCfg = Release|Any CPU
		{61845086-31EE-4E34-91C4-2DF02B7C306B}.Release|Any CPU.Build.0 = Release|Any CPU
	EndGlobalSection
	GlobalSection(SolutionProperties) = preSolution
		HideSolutionNode = FALSE
	EndGlobalSection
	GlobalSection(ExtensibilityGlobals) = postSolution
		SolutionGuid = {2BB99E97-4C17-4ED0-B6AB-5FD96BFC5F07}
	EndGlobalSection
EndGlobal
